
Microsoft Visual Studio Solution File, Format Version 12.00
# Visual Studio Version 16
VisualStudioVersion = 25.0.1705.3
MinimumVisualStudioVersion = 10.0.40219.1
Project("{FAE04EC0-301F-11D3-BF4B-00C04F79EFBC}") = "Shoplon", "Shoplon\Shoplon.csproj", "{81E76DB7-A2D0-46C4-9852-CE3F7FEC5F21}"
EndProject
Project("{2150E333-8FDC-42A3-9474-1A3956D46DE8}") = "Data", "Data", "{A90FAF2B-626B-4F73-AEC4-BE75F9199872}"
EndProject
Project("{FAE04EC0-301F-11D3-BF4B-00C04F79EFBC}") = "Api.Shoplon.Data.Entities", "Data\Api.Shoplon.Data.Entities\Api.Shoplon.Data.Entities.csproj", "{639C72BE-B910-4329-A5F8-B17DA27A8372}"
EndProject
Project("{2150E333-8FDC-42A3-9474-1A3956D46DE8}") = "Application", "Application", "{29A0E064-3DAA-4E5A-A8E4-CAAF4F6DD33B}"
EndProject
Project("{FAE04EC0-301F-11D3-BF4B-00C04F79EFBC}") = "Api.Shoplon.Data.Context", "Data\Api.Shoplon.Data.Context\Api.Shoplon.Data.Context.csproj", "{75C673E8-840D-447E-88DC-C079E717FF4F}"
EndProject
Project("{2150E333-8FDC-42A3-9474-1A3956D46DE8}") = "Business", "Business", "{C7F12D69-8A73-4280-89ED-57D116CD8995}"
EndProject
Project("{FAE04EC0-301F-11D3-BF4B-00C04F79EFBC}") = "Api.Shoplon.Business.Model", "Business\Api.Shoplon.Business.Model\Api.Shoplon.Business.Model.csproj", "{78B90FF9-3B20-4D62-AD35-330978727247}"
EndProject
Project("{FAE04EC0-301F-11D3-BF4B-00C04F79EFBC}") = "Api.Shoplon.Data.Repository", "Data\Api.Shoplon.Data.Repository\Api.Shoplon.Data.Repository.csproj", "{28C9168B-E3D4-4F5C-A82C-2A3A70E6E06E}"
EndProject
Project("{FAE04EC0-301F-11D3-BF4B-00C04F79EFBC}") = "Api.Shoplon.Data.Context.Contract", "Data\Api.Shoplon.Data.Context.Contract\Api.Shoplon.Data.Context.Contract.csproj", "{E6DDDE07-CCE2-4900-8DE4-B0EA804E1F06}"
EndProject
Project("{FAE04EC0-301F-11D3-BF4B-00C04F79EFBC}") = "Api.Shoplon.Data.Repository.Contract", "Data\Api.Shoplon.Data.Repository.Contract\Api.Shoplon.Data.Repository.Contract.csproj", "{C6BA03B6-3161-4AA7-A988-95CF569736C7}"
EndProject
Project("{FAE04EC0-301F-11D3-BF4B-00C04F79EFBC}") = "Api.Shoplon.Business.Service", "Business\Api.Shoplon.Business.Service\Api.Shoplon.Business.Service.csproj", "{BA53311E-F191-4A13-8D11-FAF5ECCB30C6}"
EndProject
Project("{FAE04EC0-301F-11D3-BF4B-00C04F79EFBC}") = "Api.Shoplon.Business.Service.Contract", "Business\Api.Shoplon.Business.Service.Contract\Api.Shoplon.Business.Service.Contract.csproj", "{82D61AAF-5333-4488-981B-AAEF41FCA8E2}"
EndProject
Project("{FAE04EC0-301F-11D3-BF4B-00C04F79EFBC}") = "Api.Shoplon.WebApi.Ioc", "WebApi\Api.Shoplon.WebApi.Ioc\Api.Shoplon.WebApi.Ioc.csproj", "{416A0198-1504-4A70-8D2B-41176772CB2D}"
EndProject
Project("{2150E333-8FDC-42A3-9474-1A3956D46DE8}") = "Ioc", "Ioc", "{75DF96E4-610E-4C69-9FA8-E31218532CFC}"
EndProject
Global
	GlobalSection(SolutionConfigurationPlatforms) = preSolution
		Debug|Any CPU = Debug|Any CPU
		Release|Any CPU = Release|Any CPU
	EndGlobalSection
	GlobalSection(ProjectConfigurationPlatforms) = postSolution
		{81E76DB7-A2D0-46C4-9852-CE3F7FEC5F21}.Debug|Any CPU.ActiveCfg = Debug|Any CPU
		{81E76DB7-A2D0-46C4-9852-CE3F7FEC5F21}.Debug|Any CPU.Build.0 = Debug|Any CPU
		{81E76DB7-A2D0-46C4-9852-CE3F7FEC5F21}.Release|Any CPU.ActiveCfg = Release|Any CPU
		{81E76DB7-A2D0-46C4-9852-CE3F7FEC5F21}.Release|Any CPU.Build.0 = Release|Any CPU
		{639C72BE-B910-4329-A5F8-B17DA27A8372}.Debug|Any CPU.ActiveCfg = Debug|Any CPU
		{639C72BE-B910-4329-A5F8-B17DA27A8372}.Debug|Any CPU.Build.0 = Debug|Any CPU
		{639C72BE-B910-4329-A5F8-B17DA27A8372}.Release|Any CPU.ActiveCfg = Release|Any CPU
		{639C72BE-B910-4329-A5F8-B17DA27A8372}.Release|Any CPU.Build.0 = Release|Any CPU
		{75C673E8-840D-447E-88DC-C079E717FF4F}.Debug|Any CPU.ActiveCfg = Debug|Any CPU
		{75C673E8-840D-447E-88DC-C079E717FF4F}.Debug|Any CPU.Build.0 = Debug|Any CPU
		{75C673E8-840D-447E-88DC-C079E717FF4F}.Release|Any CPU.ActiveCfg = Release|Any CPU
		{75C673E8-840D-447E-88DC-C079E717FF4F}.Release|Any CPU.Build.0 = Release|Any CPU
		{78B90FF9-3B20-4D62-AD35-330978727247}.Debug|Any CPU.ActiveCfg = Debug|Any CPU
		{78B90FF9-3B20-4D62-AD35-330978727247}.Debug|Any CPU.Build.0 = Debug|Any CPU
		{78B90FF9-3B20-4D62-AD35-330978727247}.Release|Any CPU.ActiveCfg = Release|Any CPU
		{78B90FF9-3B20-4D62-AD35-330978727247}.Release|Any CPU.Build.0 = Release|Any CPU
		{28C9168B-E3D4-4F5C-A82C-2A3A70E6E06E}.Debug|Any CPU.ActiveCfg = Debug|Any CPU
		{28C9168B-E3D4-4F5C-A82C-2A3A70E6E06E}.Debug|Any CPU.Build.0 = Debug|Any CPU
		{28C9168B-E3D4-4F5C-A82C-2A3A70E6E06E}.Release|Any CPU.ActiveCfg = Release|Any CPU
		{28C9168B-E3D4-4F5C-A82C-2A3A70E6E06E}.Release|Any CPU.Build.0 = Release|Any CPU
		{E6DDDE07-CCE2-4900-8DE4-B0EA804E1F06}.Debug|Any CPU.ActiveCfg = Debug|Any CPU
		{E6DDDE07-CCE2-4900-8DE4-B0EA804E1F06}.Debug|Any CPU.Build.0 = Debug|Any CPU
		{E6DDDE07-CCE2-4900-8DE4-B0EA804E1F06}.Release|Any CPU.ActiveCfg = Release|Any CPU
		{E6DDDE07-CCE2-4900-8DE4-B0EA804E1F06}.Release|Any CPU.Build.0 = Release|Any CPU
		{C6BA03B6-3161-4AA7-A988-95CF569736C7}.Debug|Any CPU.ActiveCfg = Debug|Any CPU
		{C6BA03B6-3161-4AA7-A988-95CF569736C7}.Debug|Any CPU.Build.0 = Debug|Any CPU
		{C6BA03B6-3161-4AA7-A988-95CF569736C7}.Release|Any CPU.ActiveCfg = Release|Any CPU
		{C6BA03B6-3161-4AA7-A988-95CF569736C7}.Release|Any CPU.Build.0 = Release|Any CPU
		{BA53311E-F191-4A13-8D11-FAF5ECCB30C6}.Debug|Any CPU.ActiveCfg = Debug|Any CPU
		{BA53311E-F191-4A13-8D11-FAF5ECCB30C6}.Debug|Any CPU.Build.0 = Debug|Any CPU
		{BA53311E-F191-4A13-8D11-FAF5ECCB30C6}.Release|Any CPU.ActiveCfg = Release|Any CPU
		{BA53311E-F191-4A13-8D11-FAF5ECCB30C6}.Release|Any CPU.Build.0 = Release|Any CPU
		{82D61AAF-5333-4488-981B-AAEF41FCA8E2}.Debug|Any CPU.ActiveCfg = Debug|Any CPU
		{82D61AAF-5333-4488-981B-AAEF41FCA8E2}.Debug|Any CPU.Build.0 = Debug|Any CPU
		{82D61AAF-5333-4488-981B-AAEF41FCA8E2}.Release|Any CPU.ActiveCfg = Release|Any CPU
		{82D61AAF-5333-4488-981B-AAEF41FCA8E2}.Release|Any CPU.Build.0 = Release|Any CPU
		{416A0198-1504-4A70-8D2B-41176772CB2D}.Debug|Any CPU.ActiveCfg = Debug|Any CPU
		{416A0198-1504-4A70-8D2B-41176772CB2D}.Debug|Any CPU.Build.0 = Debug|Any CPU
		{416A0198-1504-4A70-8D2B-41176772CB2D}.Release|Any CPU.ActiveCfg = Release|Any CPU
		{416A0198-1504-4A70-8D2B-41176772CB2D}.Release|Any CPU.Build.0 = Release|Any CPU
	EndGlobalSection
	GlobalSection(SolutionProperties) = preSolution
		HideSolutionNode = FALSE
	EndGlobalSection
	GlobalSection(ExtensibilityGlobals) = postSolution
		SolutionGuid = {7244E2C9-0016-4069-8383-6072477EC4DE}
	EndGlobalSection
	GlobalSection(NestedProjects) = preSolution
		{639C72BE-B910-4329-A5F8-B17DA27A8372} = {A90FAF2B-626B-4F73-AEC4-BE75F9199872}
		{81E76DB7-A2D0-46C4-9852-CE3F7FEC5F21} = {29A0E064-3DAA-4E5A-A8E4-CAAF4F6DD33B}
		{75C673E8-840D-447E-88DC-C079E717FF4F} = {A90FAF2B-626B-4F73-AEC4-BE75F9199872}
		{78B90FF9-3B20-4D62-AD35-330978727247} = {C7F12D69-8A73-4280-89ED-57D116CD8995}
		{28C9168B-E3D4-4F5C-A82C-2A3A70E6E06E} = {A90FAF2B-626B-4F73-AEC4-BE75F9199872}
		{E6DDDE07-CCE2-4900-8DE4-B0EA804E1F06} = {A90FAF2B-626B-4F73-AEC4-BE75F9199872}
		{C6BA03B6-3161-4AA7-A988-95CF569736C7} = {A90FAF2B-626B-4F73-AEC4-BE75F9199872}
		{BA53311E-F191-4A13-8D11-FAF5ECCB30C6} = {C7F12D69-8A73-4280-89ED-57D116CD8995}
		{82D61AAF-5333-4488-981B-AAEF41FCA8E2} = {C7F12D69-8A73-4280-89ED-57D116CD8995}
		{416A0198-1504-4A70-8D2B-41176772CB2D} = {75DF96E4-610E-4C69-9FA8-E31218532CFC}
	EndGlobalSection
EndGlobal
